// !$*UTF8*$!
{
	archiveVersion = 1;
	classes = {
	};
	objectVersion = 46;
	objects = {

/* Begin PBXBuildFile section */
		3505E55715F614C40089CEE6 /* UIKit.framework in Frameworks */ = {isa = PBXBuildFile; fileRef = 3505E55615F614C40089CEE6 /* UIKit.framework */; };
		3505E55915F614C40089CEE6 /* Foundation.framework in Frameworks */ = {isa = PBXBuildFile; fileRef = 3505E55815F614C40089CEE6 /* Foundation.framework */; };
		3505E55B15F614C40089CEE6 /* CoreGraphics.framework in Frameworks */ = {isa = PBXBuildFile; fileRef = 3505E55A15F614C40089CEE6 /* CoreGraphics.framework */; };
		3505E56115F614C40089CEE6 /* InfoPlist.strings in Resources */ = {isa = PBXBuildFile; fileRef = 3505E55F15F614C40089CEE6 /* InfoPlist.strings */; };
		3505E56315F614C40089CEE6 /* main.m in Sources */ = {isa = PBXBuildFile; fileRef = 3505E56215F614C40089CEE6 /* main.m */; };
		3505E56715F614C40089CEE6 /* ILAppDelegate.m in Sources */ = {isa = PBXBuildFile; fileRef = 3505E56615F614C40089CEE6 /* ILAppDelegate.m */; };
		3505E56A15F614C40089CEE6 /* MainStoryboard.storyboard in Resources */ = {isa = PBXBuildFile; fileRef = 3505E56815F614C40089CEE6 /* MainStoryboard.storyboard */; };
		3505E56D15F614C40089CEE6 /* ILViewController.m in Sources */ = {isa = PBXBuildFile; fileRef = 3505E56C15F614C40089CEE6 /* ILViewController.m */; };
		3505E57415F6154C0089CEE6 /* QuartzCore.framework in Frameworks */ = {isa = PBXBuildFile; fileRef = 3505E57315F6154C0089CEE6 /* QuartzCore.framework */; };
		3505E57615F6172A0089CEE6 /* iosfox.png in Resources */ = {isa = PBXBuildFile; fileRef = 3505E57515F6172A0089CEE6 /* iosfox.png */; };
/* End PBXBuildFile section */

/* Begin PBXFileReference section */
		3505E55215F614C40089CEE6 /* LayerProject.app */ = {isa = PBXFileReference; explicitFileType = wrapper.application; includeInIndex = 0; path = LayerProject.app; sourceTree = BUILT_PRODUCTS_DIR; };
		3505E55615F614C40089CEE6 /* UIKit.framework */ = {isa = PBXFileReference; lastKnownFileType = wrapper.framework; name = UIKit.framework; path = System/Library/Frameworks/UIKit.framework; sourceTree = SDKROOT; };
		3505E55815F614C40089CEE6 /* Foundation.framework */ = {isa = PBXFileReference; lastKnownFileType = wrapper.framework; name = Foundation.framework; path = System/Library/Frameworks/Foundation.framework; sourceTree = SDKROOT; };
		3505E55A15F614C40089CEE6 /* CoreGraphics.framework */ = {isa = PBXFileReference; lastKnownFileType = wrapper.framework; name = CoreGraphics.framework; path = System/Library/Frameworks/CoreGraphics.framework; sourceTree = SDKROOT; };
		3505E55E15F614C40089CEE6 /* LayerProject-Info.plist */ = {isa = PBXFileReference; lastKnownFileType = text.plist.xml; path = "LayerProject-Info.plist"; sourceTree = "<group>"; };
		3505E56015F614C40089CEE6 /* en */ = {isa = PBXFileReference; lastKnownFileType = text.plist.strings; name = en; path = en.lproj/InfoPlist.strings; sourceTree = "<group>"; };
		3505E56215F614C40089CEE6 /* main.m */ = {isa = PBXFileReference; lastKnownFileType = sourcecode.c.objc; path = main.m; sourceTree = "<group>"; };
		3505E56415F614C40089CEE6 /* LayerProject-Prefix.pch */ = {isa = PBXFileReference; lastKnownFileType = sourcecode.c.h; path = "LayerProject-Prefix.pch"; sourceTree = "<group>"; };
		3505E56515F614C40089CEE6 /* ILAppDelegate.h */ = {isa = PBXFileReference; lastKnownFileType = sourcecode.c.h; path = ILAppDelegate.h; sourceTree = "<group>"; };
		3505E56615F614C40089CEE6 /* ILAppDelegate.m */ = {isa = PBXFileReference; lastKnownFileType = sourcecode.c.objc; path = ILAppDelegate.m; sourceTree = "<group>"; };
		3505E56915F614C40089CEE6 /* en */ = {isa = PBXFileReference; lastKnownFileType = file.storyboard; name = en; path = en.lproj/MainStoryboard.storyboard; sourceTree = "<group>"; };
		3505E56B15F614C40089CEE6 /* ILViewController.h */ = {isa = PBXFileReference; lastKnownFileType = sourcecode.c.h; path = ILViewController.h; sourceTree = "<group>"; };
		3505E56C15F614C40089CEE6 /* ILViewController.m */ = {isa = PBXFileReference; lastKnownFileType = sourcecode.c.objc; path = ILViewController.m; sourceTree = "<group>"; };
		3505E57315F6154C0089CEE6 /* QuartzCore.framework */ = {isa = PBXFileReference; lastKnownFileType = wrapper.framework; name = QuartzCore.framework; path = System/Library/Frameworks/QuartzCore.framework; sourceTree = SDKROOT; };
		3505E57515F6172A0089CEE6 /* iosfox.png */ = {isa = PBXFileReference; lastKnownFileType = image.png; path = iosfox.png; sourceTree = "<group>"; };
/* End PBXFileReference section */

/* Begin PBXFrameworksBuildPhase section */
		3505E54F15F614C40089CEE6 /* Frameworks */ = {
			isa = PBXFrameworksBuildPhase;
			buildActionMask = 2147483647;
			files = (
				3505E57415F6154C0089CEE6 /* QuartzCore.framework in Frameworks */,
				3505E55715F614C40089CEE6 /* UIKit.framework in Frameworks */,
				3505E55915F614C40089CEE6 /* Foundation.framework in Frameworks */,
				3505E55B15F614C40089CEE6 /* CoreGraphics.framework in Frameworks */,
			);
			runOnlyForDeploymentPostprocessing = 0;
		};
/* End PBXFrameworksBuildPhase section */

/* Begin PBXGroup section */
		3505E54715F614C40089CEE6 = {
			isa = PBXGroup;
			children = (
				3505E57315F6154C0089CEE6 /* QuartzCore.framework */,
				3505E55C15F614C40089CEE6 /* LayerProject */,
				3505E55515F614C40089CEE6 /* Frameworks */,
				3505E55315F614C40089CEE6 /* Products */,
			);
			sourceTree = "<group>";
		};
		3505E55315F614C40089CEE6 /* Products */ = {
			isa = PBXGroup;
			children = (
				3505E55215F614C40089CEE6 /* LayerProject.app */,
			);
			name = Products;
			sourceTree = "<group>";
		};
		3505E55515F614C40089CEE6 /* Frameworks */ = {
			isa = PBXGroup;
			children = (
				3505E55615F614C40089CEE6 /* UIKit.framework */,
				3505E55815F614C40089CEE6 /* Foundation.framework */,
				3505E55A15F614C40089CEE6 /* CoreGraphics.framework */,
			);
			name = Frameworks;
			sourceTree = "<group>";
		};
		3505E55C15F614C40089CEE6 /* LayerProject */ = {
			isa = PBXGroup;
			children = (
				3505E57515F6172A0089CEE6 /* iosfox.png */,
				3505E56515F614C40089CEE6 /* ILAppDelegate.h */,
				3505E56615F614C40089CEE6 /* ILAppDelegate.m */,
				3505E56815F614C40089CEE6 /* MainStoryboard.storyboard */,
				3505E56B15F614C40089CEE6 /* ILViewController.h */,
				3505E56C15F614C40089CEE6 /* ILViewController.m */,
				3505E55D15F614C40089CEE6 /* Supporting Files */,
			);
			path = LayerProject;
			sourceTree = "<group>";
		};
		3505E55D15F614C40089CEE6 /* Supporting Files */ = {
			isa = PBXGroup;
			children = (
				3505E55E15F614C40089CEE6 /* LayerProject-Info.plist */,
				3505E55F15F614C40089CEE6 /* InfoPlist.strings */,
				3505E56215F614C40089CEE6 /* main.m */,
				3505E56415F614C40089CEE6 /* LayerProject-Prefix.pch */,
			);
			name = "Supporting Files";
			sourceTree = "<group>";
		};
/* End PBXGroup section */

/* Begin PBXNativeTarget section */
		3505E55115F614C40089CEE6 /* LayerProject */ = {
			isa = PBXNativeTarget;
			buildConfigurationList = 3505E57015F614C40089CEE6 /* Build configuration list for PBXNativeTarget "LayerProject" */;
			buildPhases = (
				3505E54E15F614C40089CEE6 /* Sources */,
				3505E54F15F614C40089CEE6 /* Frameworks */,
				3505E55015F614C40089CEE6 /* Resources */,
			);
			buildRules = (
			);
			dependencies = (
			);
			name = LayerProject;
			productName = LayerProject;
			productReference = 3505E55215F614C40089CEE6 /* LayerProject.app */;
			productType = "com.apple.product-type.application";
		};
/* End PBXNativeTarget section */

/* Begin PBXProject section */
		3505E54915F614C40089CEE6 /* Project object */ = {
			isa = PBXProject;
			attributes = {
				CLASSPREFIX = IL;
				LastUpgradeCheck = 0430;
				ORGANIZATIONNAME = particulier;
			};
			buildConfigurationList = 3505E54C15F614C40089CEE6 /* Build configuration list for PBXProject "LayerProject" */;
			compatibilityVersion = "Xcode 3.2";
			developmentRegion = English;
			hasScannedForEncodings = 0;
			knownRegions = (
				en,
			);
			mainGroup = 3505E54715F614C40089CEE6;
			productRefGroup = 3505E55315F614C40089CEE6 /* Products */;
			projectDirPath = "";
			projectRoot = "";
			targets = (
				3505E55115F614C40089CEE6 /* LayerProject */,
			);
		};
/* End PBXProject section */

/* Begin PBXResourcesBuildPhase section */
		3505E55015F614C40089CEE6 /* Resources */ = {
			isa = PBXResourcesBuildPhase;
			buildActionMask = 2147483647;
			files = (
				3505E56115F614C40089CEE6 /* InfoPlist.strings in Resources */,
				3505E56A15F614C40089CEE6 /* MainStoryboard.storyboard in Resources */,
				3505E57615F6172A0089CEE6 /* iosfox.png in Resources */,
			);
			runOnlyForDeploymentPostprocessing = 0;
		};
/* End PBXResourcesBuildPhase section */

/* Begin PBXSourcesBuildPhase section */
		3505E54E15F614C40089CEE6 /* Sources */ = {
			isa = PBXSourcesBuildPhase;
			buildActionMask = 2147483647;
			files = (
				3505E56315F614C40089CEE6 /* main.m in Sources */,
				3505E56715F614C40089CEE6 /* ILAppDelegate.m in Sources */,
				3505E56D15F614C40089CEE6 /* ILViewController.m in Sources */,
			);
			runOnlyForDeploymentPostprocessing = 0;
		};
/* End PBXSourcesBuildPhase section */

/* Begin PBXVariantGroup section */
		3505E55F15F614C40089CEE6 /* InfoPlist.strings */ = {
			isa = PBXVariantGroup;
			children = (
				3505E56015F614C40089CEE6 /* en */,
			);
			name = InfoPlist.strings;
			sourceTree = "<group>";
		};
		3505E56815F614C40089CEE6 /* MainStoryboard.storyboard */ = {
			isa = PBXVariantGroup;
			children = (
				3505E56915F614C40089CEE6 /* en */,
			);
			name = MainStoryboard.storyboard;
			sourceTree = "<group>";
		};
/* End PBXVariantGroup section */

/* Begin XCBuildConfiguration section */
		3505E56E15F614C40089CEE6 /* Debug */ = {
			isa = XCBuildConfiguration;
			buildSettings = {
				ALWAYS_SEARCH_USER_PATHS = NO;
				ARCHS = "$(ARCHS_STANDARD_32_BIT)";
				CLANG_ENABLE_OBJC_ARC = YES;
				"CODE_SIGN_IDENTITY[sdk=iphoneos*]" = "iPhone Developer";
				COPY_PHASE_STRIP = NO;
				GCC_C_LANGUAGE_STANDARD = gnu99;
				GCC_DYNAMIC_NO_PIC = NO;
				GCC_OPTIMIZATION_LEVEL = 0;
				GCC_PREPROCESSOR_DEFINITIONS = (
					"DEBUG=1",
					"$(inherited)",
				);
				GCC_SYMBOLS_PRIVATE_EXTERN = NO;
				GCC_VERSION = com.apple.compilers.llvm.clang.1_0;
				GCC_WARN_ABOUT_RETURN_TYPE = YES;
				GCC_WARN_UNINITIALIZED_AUTOS = YES;
				GCC_WARN_UNUSED_VARIABLE = YES;
				IPHONEOS_DEPLOYMENT_TARGET = 5.1;
				SDKROOT = iphoneos;
			};
			name = Debug;
		};
		3505E56F15F614C40089CEE6 /* Release */ = {
			isa = XCBuildConfiguration;
			buildSettings = {
				ALWAYS_SEARCH_USER_PATHS = NO;
				ARCHS = "$(ARCHS_STANDARD_32_BIT)";
				CLANG_ENABLE_OBJC_ARC = YES;
				"CODE_SIGN_IDENTITY[sdk=iphoneos*]" = "iPhone Developer";
				COPY_PHASE_STRIP = YES;
				GCC_C_LANGUAGE_STANDARD = gnu99;
				GCC_VERSION = com.apple.compilers.llvm.clang.1_0;
				GCC_WARN_ABOUT_RETURN_TYPE = YES;
				GCC_WARN_UNINITIALIZED_AUTOS = YES;
				GCC_WARN_UNUSED_VARIABLE = YES;
				IPHONEOS_DEPLOYMENT_TARGET = 5.1;
				OTHER_CFLAGS = "-DNS_BLOCK_ASSERTIONS=1";
				SDKROOT = iphoneos;
				VALIDATE_PRODUCT = YES;
			};
			name = Release;
		};
		3505E57115F614C40089CEE6 /* Debug */ = {
			isa = XCBuildConfiguration;
			buildSettings = {
				GCC_PRECOMPILE_PREFIX_HEADER = YES;
				GCC_PREFIX_HEADER = "LayerProject/LayerProject-Prefix.pch";
				INFOPLIST_FILE = "LayerProject/LayerProject-Info.plist";
				PRODUCT_NAME = "$(TARGET_NAME)";
				WRAPPER_EXTENSION = app;
			};
			name = Debug;
		};
		3505E57215F614C40089CEE6 /* Release */ = {
			isa = XCBuildConfiguration;
			buildSettings = {
				GCC_PRECOMPILE_PREFIX_HEADER = YES;
				GCC_PREFIX_HEADER = "LayerProject/LayerProject-Prefix.pch";
				INFOPLIST_FILE = "LayerProject/LayerProject-Info.plist";
				PRODUCT_NAME = "$(TARGET_NAME)";
				WRAPPER_EXTENSION = app;
			};
			name = Release;
		};
/* End XCBuildConfiguration section */

/* Begin XCConfigurationList section */
		3505E54C15F614C40089CEE6 /* Build configuration list for PBXProject "LayerProject" */ = {
			isa = XCConfigurationList;
			buildConfigurations = (
				3505E56E15F614C40089CEE6 /* Debug */,
				3505E56F15F614C40089CEE6 /* Release */,
			);
			defaultConfigurationIsVisible = 0;
			defaultConfigurationName = Release;
		};
		3505E57015F614C40089CEE6 /* Build configuration list for PBXNativeTarget "LayerProject" */ = {
			isa = XCConfigurationList;
			buildConfigurations = (
				3505E57115F614C40089CEE6 /* Debug */,
				3505E57215F614C40089CEE6 /* Release */,
			);
			defaultConfigurationIsVisible = 0;
		};
/* End XCConfigurationList section */
	};
	rootObject = 3505E54915F614C40089CEE6 /* Project object */;
}
